
Microsoft Visual Studio Solution File, Format Version 12.00
# Visual Studio Version 17
VisualStudioVersion = 17.0.32126.317
MinimumVisualStudioVersion = 10.0.40219.1
Project("{9A19103F-16F7-4668-BE54-9A1E7A4F7556}") = "API", "API\API.csproj", "{70F136E8-2355-48C9-BECF-4F4280CF225F}"
EndProject
Project("{9A19103F-16F7-4668-BE54-9A1E7A4F7556}") = "Application", "Application\Application.csproj", "{A1163D5F-772C-447F-8D32-B1CDAC140F4A}"
EndProject
Project("{9A19103F-16F7-4668-BE54-9A1E7A4F7556}") = "Domain", "Domain\Domain.csproj", "{6199C4B4-FE24-4F02-A75D-12478082C93E}"
EndProject
Project("{9A19103F-16F7-4668-BE54-9A1E7A4F7556}") = "InfraData", "InfraData\InfraData.csproj", "{4CB38852-B3FE-4002-8911-E532685014A6}"
EndProject
Project("{9A19103F-16F7-4668-BE54-9A1E7A4F7556}") = "InfraCrossCutting", "InfraCrossCutting\InfraCrossCutting.csproj", "{830EA49B-1E2C-4905-BC58-5C67FFCA8E81}"
EndProject
Project("{9A19103F-16F7-4668-BE54-9A1E7A4F7556}") = "Test", "Test\Test.csproj", "{401B8135-CC39-41B3-96B8-C334B7EC8B2B}"
EndProject
Project("{2150E333-8FDC-42A3-9474-1A3956D46DE8}") = "1.API", "1.API", "{035BEA37-07D1-42D5-8291-EECA156C9389}"
EndProject
Project("{2150E333-8FDC-42A3-9474-1A3956D46DE8}") = "2.Application", "2.Application", "{078077E1-F674-47E6-B116-BAD57A0647CD}"
EndProject
Project("{2150E333-8FDC-42A3-9474-1A3956D46DE8}") = "3.Domain", "3.Domain", "{32DCFB12-FA41-46B5-8E63-AA996D31491E}"
EndProject
Project("{2150E333-8FDC-42A3-9474-1A3956D46DE8}") = "4.Infra", "4.Infra", "{B50B8232-6CC6-4375-A440-3BCC7ADC24A8}"
EndProject
Project("{2150E333-8FDC-42A3-9474-1A3956D46DE8}") = "6.Test", "6.Test", "{80FB2388-DCA9-4F9E-8408-5405F8FC923B}"
EndProject
Project("{2150E333-8FDC-42A3-9474-1A3956D46DE8}") = "6.1.UnitTest", "6.1.UnitTest", "{9581437F-9788-4A62-A506-CF72A660652C}"
EndProject
Project("{2150E333-8FDC-42A3-9474-1A3956D46DE8}") = "6.2.IntegrationTest", "6.2.IntegrationTest", "{83CC1863-04C8-449A-8347-ED332CFF4036}"
EndProject
Project("{9A19103F-16F7-4668-BE54-9A1E7A4F7556}") = "Test.Integration", "Test.Integration\Test.Integration.csproj", "{AB892069-DCCA-4714-A528-A8E20DA60B8B}"
EndProject
Project("{9A19103F-16F7-4668-BE54-9A1E7A4F7556}") = "InfraExternal", "InfraExternal\InfraExternal.csproj", "{BB0A684A-DEE4-41BC-83AF-FAD7F6E41852}"
EndProject
Project("{2150E333-8FDC-42A3-9474-1A3956D46DE8}") = "5.Workers", "5.Workers", "{CF5B3724-8FBC-422D-9691-6BBCC8DF021D}"
EndProject
Project("{9A19103F-16F7-4668-BE54-9A1E7A4F7556}") = "WorkerValid", "WorkerValid\WorkerValid.csproj", "{12256746-F9CF-4005-BB75-489927564BC4}"
EndProject
Project("{9A19103F-16F7-4668-BE54-9A1E7A4F7556}") = "API.Integration", "API.Integration\API.Integration.csproj", "{8A3B43DF-A580-40DC-AA8E-1E587A3A0D21}"
EndProject
Global
	GlobalSection(SolutionConfigurationPlatforms) = preSolution
		Debug|Any CPU = Debug|Any CPU
		Release|Any CPU = Release|Any CPU
	EndGlobalSection
	GlobalSection(ProjectConfigurationPlatforms) = postSolution
		{70F136E8-2355-48C9-BECF-4F4280CF225F}.Debug|Any CPU.ActiveCfg = Debug|Any CPU
		{70F136E8-2355-48C9-BECF-4F4280CF225F}.Debug|Any CPU.Build.0 = Debug|Any CPU
		{70F136E8-2355-48C9-BECF-4F4280CF225F}.Release|Any CPU.ActiveCfg = Release|Any CPU
		{70F136E8-2355-48C9-BECF-4F4280CF225F}.Release|Any CPU.Build.0 = Release|Any CPU
		{A1163D5F-772C-447F-8D32-B1CDAC140F4A}.Debug|Any CPU.ActiveCfg = Debug|Any CPU
		{A1163D5F-772C-447F-8D32-B1CDAC140F4A}.Debug|Any CPU.Build.0 = Debug|Any CPU
		{A1163D5F-772C-447F-8D32-B1CDAC140F4A}.Release|Any CPU.ActiveCfg = Release|Any CPU
		{A1163D5F-772C-447F-8D32-B1CDAC140F4A}.Release|Any CPU.Build.0 = Release|Any CPU
		{6199C4B4-FE24-4F02-A75D-12478082C93E}.Debug|Any CPU.ActiveCfg = Debug|Any CPU
		{6199C4B4-FE24-4F02-A75D-12478082C93E}.Debug|Any CPU.Build.0 = Debug|Any CPU
		{6199C4B4-FE24-4F02-A75D-12478082C93E}.Release|Any CPU.ActiveCfg = Release|Any CPU
		{6199C4B4-FE24-4F02-A75D-12478082C93E}.Release|Any CPU.Build.0 = Release|Any CPU
		{4CB38852-B3FE-4002-8911-E532685014A6}.Debug|Any CPU.ActiveCfg = Debug|Any CPU
		{4CB38852-B3FE-4002-8911-E532685014A6}.Debug|Any CPU.Build.0 = Debug|Any CPU
		{4CB38852-B3FE-4002-8911-E532685014A6}.Release|Any CPU.ActiveCfg = Release|Any CPU
		{4CB38852-B3FE-4002-8911-E532685014A6}.Release|Any CPU.Build.0 = Release|Any CPU
		{830EA49B-1E2C-4905-BC58-5C67FFCA8E81}.Debug|Any CPU.ActiveCfg = Debug|Any CPU
		{830EA49B-1E2C-4905-BC58-5C67FFCA8E81}.Debug|Any CPU.Build.0 = Debug|Any CPU
		{830EA49B-1E2C-4905-BC58-5C67FFCA8E81}.Release|Any CPU.ActiveCfg = Release|Any CPU
		{830EA49B-1E2C-4905-BC58-5C67FFCA8E81}.Release|Any CPU.Build.0 = Release|Any CPU
		{401B8135-CC39-41B3-96B8-C334B7EC8B2B}.Debug|Any CPU.ActiveCfg = Debug|Any CPU
		{401B8135-CC39-41B3-96B8-C334B7EC8B2B}.Debug|Any CPU.Build.0 = Debug|Any CPU
		{401B8135-CC39-41B3-96B8-C334B7EC8B2B}.Release|Any CPU.ActiveCfg = Release|Any CPU
		{401B8135-CC39-41B3-96B8-C334B7EC8B2B}.Release|Any CPU.Build.0 = Release|Any CPU
		{AB892069-DCCA-4714-A528-A8E20DA60B8B}.Debug|Any CPU.ActiveCfg = Debug|Any CPU
		{AB892069-DCCA-4714-A528-A8E20DA60B8B}.Debug|Any CPU.Build.0 = Debug|Any CPU
		{AB892069-DCCA-4714-A528-A8E20DA60B8B}.Release|Any CPU.ActiveCfg = Release|Any CPU
		{AB892069-DCCA-4714-A528-A8E20DA60B8B}.Release|Any CPU.Build.0 = Release|Any CPU
		{BB0A684A-DEE4-41BC-83AF-FAD7F6E41852}.Debug|Any CPU.ActiveCfg = Debug|Any CPU
		{BB0A684A-DEE4-41BC-83AF-FAD7F6E41852}.Debug|Any CPU.Build.0 = Debug|Any CPU
		{BB0A684A-DEE4-41BC-83AF-FAD7F6E41852}.Release|Any CPU.ActiveCfg = Release|Any CPU
		{BB0A684A-DEE4-41BC-83AF-FAD7F6E41852}.Release|Any CPU.Build.0 = Release|Any CPU
		{12256746-F9CF-4005-BB75-489927564BC4}.Debug|Any CPU.ActiveCfg = Debug|Any CPU
		{12256746-F9CF-4005-BB75-489927564BC4}.Debug|Any CPU.Build.0 = Debug|Any CPU
		{12256746-F9CF-4005-BB75-489927564BC4}.Release|Any CPU.ActiveCfg = Release|Any CPU
		{12256746-F9CF-4005-BB75-489927564BC4}.Release|Any CPU.Build.0 = Release|Any CPU
		{8A3B43DF-A580-40DC-AA8E-1E587A3A0D21}.Debug|Any CPU.ActiveCfg = Debug|Any CPU
		{8A3B43DF-A580-40DC-AA8E-1E587A3A0D21}.Debug|Any CPU.Build.0 = Debug|Any CPU
		{8A3B43DF-A580-40DC-AA8E-1E587A3A0D21}.Release|Any CPU.ActiveCfg = Release|Any CPU
		{8A3B43DF-A580-40DC-AA8E-1E587A3A0D21}.Release|Any CPU.Build.0 = Release|Any CPU
	EndGlobalSection
	GlobalSection(SolutionProperties) = preSolution
		HideSolutionNode = FALSE
	EndGlobalSection
	GlobalSection(NestedProjects) = preSolution
		{70F136E8-2355-48C9-BECF-4F4280CF225F} = {035BEA37-07D1-42D5-8291-EECA156C9389}
		{A1163D5F-772C-447F-8D32-B1CDAC140F4A} = {078077E1-F674-47E6-B116-BAD57A0647CD}
		{6199C4B4-FE24-4F02-A75D-12478082C93E} = {32DCFB12-FA41-46B5-8E63-AA996D31491E}
		{4CB38852-B3FE-4002-8911-E532685014A6} = {B50B8232-6CC6-4375-A440-3BCC7ADC24A8}
		{830EA49B-1E2C-4905-BC58-5C67FFCA8E81} = {B50B8232-6CC6-4375-A440-3BCC7ADC24A8}
		{401B8135-CC39-41B3-96B8-C334B7EC8B2B} = {9581437F-9788-4A62-A506-CF72A660652C}
		{9581437F-9788-4A62-A506-CF72A660652C} = {80FB2388-DCA9-4F9E-8408-5405F8FC923B}
		{83CC1863-04C8-449A-8347-ED332CFF4036} = {80FB2388-DCA9-4F9E-8408-5405F8FC923B}
		{AB892069-DCCA-4714-A528-A8E20DA60B8B} = {83CC1863-04C8-449A-8347-ED332CFF4036}
		{BB0A684A-DEE4-41BC-83AF-FAD7F6E41852} = {B50B8232-6CC6-4375-A440-3BCC7ADC24A8}
		{12256746-F9CF-4005-BB75-489927564BC4} = {CF5B3724-8FBC-422D-9691-6BBCC8DF021D}
		{8A3B43DF-A580-40DC-AA8E-1E587A3A0D21} = {035BEA37-07D1-42D5-8291-EECA156C9389}
	EndGlobalSection
	GlobalSection(ExtensibilityGlobals) = postSolution
		SolutionGuid = {046A5579-8996-44AE-9320-D13C3978199A}
	EndGlobalSection
EndGlobal
